PODS:
  - AFNetworking (3.2.1):
    - AFNetworking/NSURLSession (= 3.2.1)
    - AFNetworking/Reachability (= 3.2.1)
    - AFNetworking/Security (= 3.2.1)
    - AFNetworking/Serialization (= 3.2.1)
    - AFNetworking/UIKit (= 3.2.1)
  - AFNetworking/NSURLSession (3.2.1):
    - AFNetworking/Reachability
    - AFNetworking/Security
    - AFNetworking/Serialization
  - AFNetworking/Reachability (3.2.1)
  - AFNetworking/Security (3.2.1)
  - AFNetworking/Serialization (3.2.1)
  - AFNetworking/UIKit (3.2.1):
    - AFNetworking/NSURLSession
  - Bugly (2.5.0)
  - Masonry (1.1.0)
  - MQTTClient (0.15.2):
    - MQTTClient/Core (= 0.15.2)
  - MQTTClient/Core (0.15.2):
    - MQTTClient/Manager
    - MQTTClient/Min
  - MQTTClient/Manager (0.15.2):
    - MQTTClient/Min
  - MQTTClient/Min (0.15.2)
  - Protobuf (3.6.1)
  - SDWebImage (4.2.2):
    - SDWebImage/Core (= 4.2.2)
  - SDWebImage/Core (4.2.2)
  - SSZipArchive (1.8.1)
  - SVGAPlayer (2.1.1):
    - SVGAPlayer/Core (= 2.1.1)
    - SVGAPlayer/ProtoFiles (= 2.1.1)
  - SVGAPlayer/Core (2.1.1):
    - SSZipArchive (= 1.8.1)
    - SVGAPlayer/ProtoFiles
  - SVGAPlayer/ProtoFiles (2.1.1):
    - Protobuf (~> 3.4)
  - UMengAnalytics-NO-IDFA (4.2.5)
  - VideoPls-iOS-SDK (1.0.0):
    - VideoPls-iOS-SDK/Interface (= 1.0.0)
    - VideoPls-iOS-SDK/LuaManager (= 1.0.0)
    - VideoPls-iOS-SDK/Platform (= 1.0.0)
    - VPLuaViewSDK
  - VideoPls-iOS-SDK/Interface (1.0.0):
    - VideoPls-iOS-SDK/LuaManager
    - VPLuaViewSDK
  - VideoPls-iOS-SDK/LuaManager (1.0.0):
    - VideoPls-iOS-SDK/Platform
    - VPLuaViewSDK
  - VideoPls-iOS-SDK/Platform (1.0.0):
    - AFNetworking
    - MQTTClient
    - SDWebImage (= 4.2.2)
    - SVGAPlayer (= 2.1.1)
    - VPLuaViewSDK
  - VPLuaViewSDK (0.5.4)

DEPENDENCIES:
  - Bugly
  - Masonry
  - UMengAnalytics-NO-IDFA
  - VideoPls-iOS-SDK (from `.`)

SPEC REPOS:
  https://github.com/cocoapods/specs.git:
    - AFNetworking
    - Bugly
    - Masonry
    - MQTTClient
    - Protobuf
    - SDWebImage
    - SSZipArchive
    - SVGAPlayer
    - UMengAnalytics-NO-IDFA
    - VPLuaViewSDK

EXTERNAL SOURCES:
  VideoPls-iOS-SDK:
    :path: "."

SPEC CHECKSUMS:
  AFNetworking: b6f891fdfaed196b46c7a83cf209e09697b94057
  Bugly: 3ca9f255c01025582df26f9222893b383c7e4b4e
  Masonry: 678fab65091a9290e40e2832a55e7ab731aad201
  MQTTClient: 902c7bcac1501595f3d0b15178c7205b40331fb0
  Protobuf: 1eb9700044745f00181c136ef21b8ff3ad5a0fd5
  SDWebImage: 89a9d32cd520bbb46eb14e541d5109b3564af198
  SSZipArchive: 04547dfa448be5ed7ecbaf7eaf8a6e9eb9b42997
  SVGAPlayer: f52c981bac3d5ce1ea221a4d52c3d31870437ce6
  UMengAnalytics-NO-IDFA: 16666e32edce5be44ae5b14aaaa7f3582e09d6ab
  VideoPls-iOS-SDK: dc156f2c39275ad6adf386ee088081bcb212ed01
  VPLuaViewSDK: e6450a1addd3ff3c4949947a44fe6cd801d1966a

PODFILE CHECKSUM: d25495ddad24855f47f7c64cb0bf4779f5e92480

COCOAPODS: 1.6.0.beta.2
